{
  "sources": {
    "apt": {
      "locked_version": "2.2.1"
    },
    "postgresql": {
      "locked_version": "3.1.0"
    },
    "locale": {
      "locked_version": "0.0.2"
    },
    "ruby_build": {
      "locked_version": "0.8.0",
      "git": "git://github.com/fnichol/chef-ruby_build.git",
      "ref": "ed2d3841784ecf60c1de808946307b588efe644f"
    },
    "rbenv": {
      "locked_version": "0.7.2",
      "git": "git://github.com/fnichol/chef-rbenv.git",
      "ref": "f2b53292e810dd2b43f6121f9958f5f29979dcb1"
    },
    "java": {
      "locked_version": "1.14.0"
    },
    "neo4j-server": {
      "locked_version": "1.0.0",
      "git": "git://github.com/michaelklishin/neo4j-server-chef-cookbook.git",
      "ref": "107a0c4f2c117215bdaf9cf86522807fc4a6a23f"
    },
    "imagemagick": {
      "locked_version": "0.2.2"
    },
    "build-essential": {
      "locked_version": "1.4.2"
    },
    "openssl": {
      "locked_version": "1.1.0"
    },
    "windows": {
      "locked_version": "1.11.0"
    },
    "chef_handler": {
      "locked_version": "1.1.4"
    },
    "aws": {
      "locked_version": "0.101.6"
    }
  }
}
